
Microsoft Visual Studio Solution File, Format Version 12.00
# Visual Studio Version 17
VisualStudioVersion = 17.4.33213.308
MinimumVisualStudioVersion = 10.0.40219.1
Project("{FAE04EC0-301F-11D3-BF4B-00C04F79EFBC}") = "AbbyWeb", "AbbyWeb\AbbyWeb.csproj", "{9CA0CE59-3C2E-41EB-9E03-34DF9245081B}"
EndProject
Global
	GlobalSection(SolutionConfigurationPlatforms) = preSolution
		Debug|Any CPU = Debug|Any CPU
		Release|Any CPU = Release|Any CPU
	EndGlobalSection
	GlobalSection(ProjectConfigurationPlatforms) = postSolution
		{9CA0CE59-3C2E-41EB-9E03-34DF9245081B}.Debug|Any CPU.ActiveCfg = Debug|Any CPU
		{9CA0CE59-3C2E-41EB-9E03-34DF9245081B}.Debug|Any CPU.Build.0 = Debug|Any CPU
		{9CA0CE59-3C2E-41EB-9E03-34DF9245081B}.Release|Any CPU.ActiveCfg = Release|Any CPU
		{9CA0CE59-3C2E-41EB-9E03-34DF9245081B}.Release|Any CPU.Build.0 = Release|Any CPU
	EndGlobalSection
	GlobalSection(SolutionProperties) = preSolution
		HideSolutionNode = FALSE
	EndGlobalSection
	GlobalSection(ExtensibilityGlobals) = postSolution
		SolutionGuid = {94CAE094-5653-4001-B81F-4E6D076B4CB6}
	EndGlobalSection
EndGlobal
